
Microsoft Visual Studio Solution File, Format Version 12.00
Project("{FAE04EC0-301F-11D3-BF4B-00C04F79EFBC}") = "OGM2", "OGM2\OGM2.csproj", "{3F3CB557-C799-4498-BD55-9B50CFFD656D}"
EndProject
Global
	GlobalSection(SolutionConfigurationPlatforms) = preSolution
		Debug|Any CPU = Debug|Any CPU
		Release|Any CPU = Release|Any CPU
	EndGlobalSection
	GlobalSection(ProjectConfigurationPlatforms) = postSolution
		{3F3CB557-C799-4498-BD55-9B50CFFD656D}.Debug|Any CPU.ActiveCfg = Debug|Any CPU
		{3F3CB557-C799-4498-BD55-9B50CFFD656D}.Debug|Any CPU.Build.0 = Debug|Any CPU
		{3F3CB557-C799-4498-BD55-9B50CFFD656D}.Release|Any CPU.ActiveCfg = Release|Any CPU
		{3F3CB557-C799-4498-BD55-9B50CFFD656D}.Release|Any CPU.Build.0 = Release|Any CPU
	EndGlobalSection
EndGlobal
